
Microsoft Visual Studio Solution File, Format Version 12.00
# Visual Studio 14
VisualStudioVersion = 14.0.25420.1
MinimumVisualStudioVersion = 10.0.40219.1
Project("{FAE04EC0-301F-11D3-BF4B-00C04F79EFBC}") = "PubSub", "PubSub.csproj", "{A946D31A-4EFF-48EF-9B24-91D276A40EED}"
EndProject
Global
	GlobalSection(SolutionConfigurationPlatforms) = preSolution
		Debug|Any CPU = Debug|Any CPU
		Release|Any CPU = Release|Any CPU
	EndGlobalSection
	GlobalSection(ProjectConfigurationPlatforms) = postSolution
		{A946D31A-4EFF-48EF-9B24-91D276A40EED}.Debug|Any CPU.ActiveCfg = Debug|Any CPU
		{A946D31A-4EFF-48EF-9B24-91D276A40EED}.Debug|Any CPU.Build.0 = Debug|Any CPU
		{A946D31A-4EFF-48EF-9B24-91D276A40EED}.Release|Any CPU.ActiveCfg = Release|Any CPU
		{A946D31A-4EFF-48EF-9B24-91D276A40EED}.Release|Any CPU.Build.0 = Release|Any CPU
	EndGlobalSection
	GlobalSection(SolutionProperties) = preSolution
		HideSolutionNode = FALSE
	EndGlobalSection
EndGlobal
